
Microsoft Visual Studio Solution File, Format Version 12.00
# Visual Studio Version 17
VisualStudioVersion = 17.10.35013.160
MinimumVisualStudioVersion = 10.0.40219.1
Project("{FAE04EC0-301F-11D3-BF4B-00C04F79EFBC}") = "LangSharp.Out", "LangSharp.Out\LangSharp.Out.csproj", "{EB7F1BE0-EDA0-4249-9943-8E7FB72E9F18}"
EndProject
Global
	GlobalSection(SolutionConfigurationPlatforms) = preSolution
		Debug|Any CPU = Debug|Any CPU
		Release|Any CPU = Release|Any CPU
	EndGlobalSection
	GlobalSection(ProjectConfigurationPlatforms) = postSolution
		{EB7F1BE0-EDA0-4249-9943-8E7FB72E9F18}.Debug|Any CPU.ActiveCfg = Debug|Any CPU
		{EB7F1BE0-EDA0-4249-9943-8E7FB72E9F18}.Debug|Any CPU.Build.0 = Debug|Any CPU
		{EB7F1BE0-EDA0-4249-9943-8E7FB72E9F18}.Release|Any CPU.ActiveCfg = Release|Any CPU
		{EB7F1BE0-EDA0-4249-9943-8E7FB72E9F18}.Release|Any CPU.Build.0 = Release|Any CPU
	EndGlobalSection
	GlobalSection(SolutionProperties) = preSolution
		HideSolutionNode = FALSE
	EndGlobalSection
	GlobalSection(ExtensibilityGlobals) = postSolution
		SolutionGuid = {5F11B4EC-1B39-44AC-8898-1DA920C3561A}
	EndGlobalSection
EndGlobal
