
Microsoft Visual Studio Solution File, Format Version 12.00
# Visual Studio Version 17
VisualStudioVersion = 17.10.35013.160
MinimumVisualStudioVersion = 10.0.40219.1
Project("{2150E333-8FDC-42A3-9474-1A3956D46DE8}") = "src", "src", "{02EA681E-C7D8-13C7-8484-4AC65E1B71E8}"
EndProject
Project("{FAE04EC0-301F-11D3-BF4B-00C04F79EFBC}") = "LangSharp", "src\LangSharp\LangSharp.csproj", "{5DA14FBB-4F80-4CB0-9D34-1E80E2B430BC}"
EndProject
Project("{2150E333-8FDC-42A3-9474-1A3956D46DE8}") = "samples", "samples", "{CCB10AAD-E064-4817-8AF3-29F22B4E19CF}"
EndProject
Project("{FAE04EC0-301F-11D3-BF4B-00C04F79EFBC}") = "LangSharp.Examples.AspNetCore", "samples\LangSharp.Examples.AspNetCore\LangSharp.Examples.AspNetCore.csproj", "{AEF1A62D-B74D-1F64-ED7F-A80AB81D4190}"
EndProject
Project("{2150E333-8FDC-42A3-9474-1A3956D46DE8}") = "tests", "tests", "{62A18702-E2EE-4F35-B0B8-C75573DA08C5}"
EndProject
Project("{FAE04EC0-301F-11D3-BF4B-00C04F79EFBC}") = "LangSharp.UnitTests", "tests\LangSharp.UnitTests\LangSharp.UnitTests.csproj", "{93E6989F-B24D-EC13-A125-FBC404FF580C}"
EndProject
Project("{FAE04EC0-301F-11D3-BF4B-00C04F79EFBC}") = "LangSharp.IntegrationTests", "tests\LangSharp.IntegrationTests\LangSharp.IntegrationTests.csproj", "{44060084-D17A-47A2-BCB6-E35EC4905CDA}"
EndProject
Global
	GlobalSection(SolutionConfigurationPlatforms) = preSolution
		Debug|Any CPU = Debug|Any CPU
		Release|Any CPU = Release|Any CPU
	EndGlobalSection
	GlobalSection(ProjectConfigurationPlatforms) = postSolution
		{5DA14FBB-4F80-4CB0-9D34-1E80E2B430BC}.Debug|Any CPU.ActiveCfg = Debug|Any CPU
		{5DA14FBB-4F80-4CB0-9D34-1E80E2B430BC}.Debug|Any CPU.Build.0 = Debug|Any CPU
		{5DA14FBB-4F80-4CB0-9D34-1E80E2B430BC}.Release|Any CPU.ActiveCfg = Release|Any CPU
		{5DA14FBB-4F80-4CB0-9D34-1E80E2B430BC}.Release|Any CPU.Build.0 = Release|Any CPU
		{AEF1A62D-B74D-1F64-ED7F-A80AB81D4190}.Debug|Any CPU.ActiveCfg = Debug|Any CPU
		{AEF1A62D-B74D-1F64-ED7F-A80AB81D4190}.Debug|Any CPU.Build.0 = Debug|Any CPU
		{AEF1A62D-B74D-1F64-ED7F-A80AB81D4190}.Release|Any CPU.ActiveCfg = Release|Any CPU
		{AEF1A62D-B74D-1F64-ED7F-A80AB81D4190}.Release|Any CPU.Build.0 = Release|Any CPU
		{93E6989F-B24D-EC13-A125-FBC404FF580C}.Debug|Any CPU.ActiveCfg = Debug|Any CPU
		{93E6989F-B24D-EC13-A125-FBC404FF580C}.Debug|Any CPU.Build.0 = Debug|Any CPU
		{93E6989F-B24D-EC13-A125-FBC404FF580C}.Release|Any CPU.ActiveCfg = Release|Any CPU
		{93E6989F-B24D-EC13-A125-FBC404FF580C}.Release|Any CPU.Build.0 = Release|Any CPU
		{44060084-D17A-47A2-BCB6-E35EC4905CDA}.Debug|Any CPU.ActiveCfg = Debug|Any CPU
		{44060084-D17A-47A2-BCB6-E35EC4905CDA}.Debug|Any CPU.Build.0 = Debug|Any CPU
		{44060084-D17A-47A2-BCB6-E35EC4905CDA}.Release|Any CPU.ActiveCfg = Release|Any CPU
		{44060084-D17A-47A2-BCB6-E35EC4905CDA}.Release|Any CPU.Build.0 = Release|Any CPU
	EndGlobalSection
	GlobalSection(SolutionProperties) = preSolution
		HideSolutionNode = FALSE
	EndGlobalSection
	GlobalSection(NestedProjects) = preSolution
		{5DA14FBB-4F80-4CB0-9D34-1E80E2B430BC} = {02EA681E-C7D8-13C7-8484-4AC65E1B71E8}
		{AEF1A62D-B74D-1F64-ED7F-A80AB81D4190} = {CCB10AAD-E064-4817-8AF3-29F22B4E19CF}
		{93E6989F-B24D-EC13-A125-FBC404FF580C} = {62A18702-E2EE-4F35-B0B8-C75573DA08C5}
		{44060084-D17A-47A2-BCB6-E35EC4905CDA} = {62A18702-E2EE-4F35-B0B8-C75573DA08C5}
	EndGlobalSection
	GlobalSection(ExtensibilityGlobals) = postSolution
		SolutionGuid = {5F11B4EC-1B39-44AC-8898-1DA920C3561A}
	EndGlobalSection
EndGlobal
